
Microsoft Visual Studio Solution File, Format Version 12.00
# Visual Studio Version 17
VisualStudioVersion = 17.11.35431.28
MinimumVisualStudioVersion = 10.0.40219.1
Project("{FAE04EC0-301F-11D3-BF4B-00C04F79EFBC}") = "UNOServer", "UNOServer\UNOServer.csproj", "{7EBD5E81-B4BD-4694-80CA-8E3E2616A239}"
EndProject
Global
	GlobalSection(SolutionConfigurationPlatforms) = preSolution
		Debug|Any CPU = Debug|Any CPU
		Release|Any CPU = Release|Any CPU
	EndGlobalSection
	GlobalSection(ProjectConfigurationPlatforms) = postSolution
		{7EBD5E81-B4BD-4694-80CA-8E3E2616A239}.Debug|Any CPU.ActiveCfg = Debug|Any CPU
		{7EBD5E81-B4BD-4694-80CA-8E3E2616A239}.Debug|Any CPU.Build.0 = Debug|Any CPU
		{7EBD5E81-B4BD-4694-80CA-8E3E2616A239}.Release|Any CPU.ActiveCfg = Release|Any CPU
		{7EBD5E81-B4BD-4694-80CA-8E3E2616A239}.Release|Any CPU.Build.0 = Release|Any CPU
	EndGlobalSection
	GlobalSection(SolutionProperties) = preSolution
		HideSolutionNode = FALSE
	EndGlobalSection
	GlobalSection(ExtensibilityGlobals) = postSolution
		SolutionGuid = {B7DF8624-A28D-4C5D-86B3-7602F4FB8A79}
	EndGlobalSection
EndGlobal
